
Microsoft Visual Studio Solution File, Format Version 12.00
# Visual Studio 15
VisualStudioVersion = 15.0.28307.572
MinimumVisualStudioVersion = 10.0.40219.1
Project("{8BC9CEB8-8B4A-11D0-8D11-00A0C91BC942}") = "ReceiptReader_BudgetProject", "ReceiptReader_BudgetProject\ReceiptReader_BudgetProject.vcxproj", "{4DB67D72-60F2-48E8-8630-8E0E792653DC}"
EndProject
Project("{8BC9CEB8-8B4A-11D0-8D11-00A0C91BC942}") = "ComputerVision_proj", "ComputerVision_proj\ComputerVision_proj.vcxproj", "{A2305842-9C36-496C-9BFE-4B4ECF0C71E4}"
EndProject
Global
	GlobalSection(SolutionConfigurationPlatforms) = preSolution
		Debug|x64 = Debug|x64
		Debug|x86 = Debug|x86
		Release|x64 = Release|x64
		Release|x86 = Release|x86
	EndGlobalSection
	GlobalSection(ProjectConfigurationPlatforms) = postSolution
		{4DB67D72-60F2-48E8-8630-8E0E792653DC}.Debug|x64.ActiveCfg = Debug|x64
		{4DB67D72-60F2-48E8-8630-8E0E792653DC}.Debug|x64.Build.0 = Debug|x64
		{4DB67D72-60F2-48E8-8630-8E0E792653DC}.Debug|x86.ActiveCfg = Debug|Win32
		{4DB67D72-60F2-48E8-8630-8E0E792653DC}.Debug|x86.Build.0 = Debug|Win32
		{4DB67D72-60F2-48E8-8630-8E0E792653DC}.Release|x64.ActiveCfg = Release|x64
		{4DB67D72-60F2-48E8-8630-8E0E792653DC}.Release|x64.Build.0 = Release|x64
		{4DB67D72-60F2-48E8-8630-8E0E792653DC}.Release|x86.ActiveCfg = Release|Win32
		{4DB67D72-60F2-48E8-8630-8E0E792653DC}.Release|x86.Build.0 = Release|Win32
		{A2305842-9C36-496C-9BFE-4B4ECF0C71E4}.Debug|x64.ActiveCfg = Debug|x64
		{A2305842-9C36-496C-9BFE-4B4ECF0C71E4}.Debug|x64.Build.0 = Debug|x64
		{A2305842-9C36-496C-9BFE-4B4ECF0C71E4}.Debug|x86.ActiveCfg = Debug|Win32
		{A2305842-9C36-496C-9BFE-4B4ECF0C71E4}.Debug|x86.Build.0 = Debug|Win32
		{A2305842-9C36-496C-9BFE-4B4ECF0C71E4}.Release|x64.ActiveCfg = Release|x64
		{A2305842-9C36-496C-9BFE-4B4ECF0C71E4}.Release|x64.Build.0 = Release|x64
		{A2305842-9C36-496C-9BFE-4B4ECF0C71E4}.Release|x86.ActiveCfg = Release|Win32
		{A2305842-9C36-496C-9BFE-4B4ECF0C71E4}.Release|x86.Build.0 = Release|Win32
	EndGlobalSection
	GlobalSection(SolutionProperties) = preSolution
		HideSolutionNode = FALSE
	EndGlobalSection
	GlobalSection(ExtensibilityGlobals) = postSolution
		SolutionGuid = {70AD5369-84E2-4F97-ADA3-4DDA0EF58BFE}
	EndGlobalSection
EndGlobal
